
Microsoft Visual Studio Solution File, Format Version 12.00
Project("{FAE04EC0-301F-11D3-BF4B-00C04F79EFBC}") = "MagicProjector", "MagicProjector.csproj", "{545918D5-B2D0-4306-B351-75E58FA7F9E3}"
EndProject
Global
	GlobalSection(SolutionConfigurationPlatforms) = preSolution
		Debug|Any CPU = Debug|Any CPU
		Release|Any CPU = Release|Any CPU
	EndGlobalSection
	GlobalSection(ProjectConfigurationPlatforms) = postSolution
		{545918D5-B2D0-4306-B351-75E58FA7F9E3}.Debug|Any CPU.ActiveCfg = Debug|Any CPU
		{545918D5-B2D0-4306-B351-75E58FA7F9E3}.Debug|Any CPU.Build.0 = Debug|Any CPU
		{545918D5-B2D0-4306-B351-75E58FA7F9E3}.Release|Any CPU.ActiveCfg = Release|Any CPU
		{545918D5-B2D0-4306-B351-75E58FA7F9E3}.Release|Any CPU.Build.0 = Release|Any CPU
	EndGlobalSection
EndGlobal
